
Microsoft Visual Studio Solution File, Format Version 12.00
# Visual Studio Version 17
VisualStudioVersion = 17.5.33516.290
MinimumVisualStudioVersion = 10.0.40219.1
Project("{FAE04EC0-301F-11D3-BF4B-00C04F79EFBC}") = "TDDProjectXunit", "TDDProjectXunit\TDDProjectXunit.csproj", "{3E776223-8466-489D-AE9B-019C57BDA0F9}"
EndProject
Project("{FAE04EC0-301F-11D3-BF4B-00C04F79EFBC}") = "Domain", "Domain\Domain.csproj", "{01F9C0D4-B08C-4C52-8D3A-2A807144CC65}"
EndProject
Global
	GlobalSection(SolutionConfigurationPlatforms) = preSolution
		Debug|Any CPU = Debug|Any CPU
		Release|Any CPU = Release|Any CPU
	EndGlobalSection
	GlobalSection(ProjectConfigurationPlatforms) = postSolution
		{3E776223-8466-489D-AE9B-019C57BDA0F9}.Debug|Any CPU.ActiveCfg = Debug|Any CPU
		{3E776223-8466-489D-AE9B-019C57BDA0F9}.Debug|Any CPU.Build.0 = Debug|Any CPU
		{3E776223-8466-489D-AE9B-019C57BDA0F9}.Release|Any CPU.ActiveCfg = Release|Any CPU
		{3E776223-8466-489D-AE9B-019C57BDA0F9}.Release|Any CPU.Build.0 = Release|Any CPU
		{01F9C0D4-B08C-4C52-8D3A-2A807144CC65}.Debug|Any CPU.ActiveCfg = Debug|Any CPU
		{01F9C0D4-B08C-4C52-8D3A-2A807144CC65}.Debug|Any CPU.Build.0 = Debug|Any CPU
		{01F9C0D4-B08C-4C52-8D3A-2A807144CC65}.Release|Any CPU.ActiveCfg = Release|Any CPU
		{01F9C0D4-B08C-4C52-8D3A-2A807144CC65}.Release|Any CPU.Build.0 = Release|Any CPU
	EndGlobalSection
	GlobalSection(SolutionProperties) = preSolution
		HideSolutionNode = FALSE
	EndGlobalSection
	GlobalSection(ExtensibilityGlobals) = postSolution
		SolutionGuid = {24BCAFED-7C86-46AB-B57F-28B620C25E89}
	EndGlobalSection
EndGlobal
